
Microsoft Visual Studio Solution File, Format Version 12.00
# Visual Studio 15
VisualStudioVersion = 15.0.26730.15
MinimumVisualStudioVersion = 10.0.40219.1
Project("{FAE04EC0-301F-11D3-BF4B-00C04F79EFBC}") = "Listing1-1", "Chapter1.Listing1-1\Listing1-1.csproj", "{2780F002-1490-4B84-875F-5DA6168F0450}"
EndProject
Project("{FAE04EC0-301F-11D3-BF4B-00C04F79EFBC}") = "Listing1-2", "Chapter1-Listing1-2\Listing1-2.csproj", "{0448B572-4708-40A7-8D85-FA5CDAFC83DD}"
EndProject
Project("{FAE04EC0-301F-11D3-BF4B-00C04F79EFBC}") = "Listing1-3", "Chapter1.Listing1-3\Listing1-3.csproj", "{14B0E50B-CCB8-409F-9BA7-BC0668364763}"
EndProject
Project("{2150E333-8FDC-42A3-9474-1A3956D46DE8}") = "Chapter 1", "Chapter 1", "{5A158838-4447-4BEB-916B-3BB9AC9B765F}"
EndProject
Project("{FAE04EC0-301F-11D3-BF4B-00C04F79EFBC}") = "Listing1-4", "Chapter1.Listing1-4\Listing1-4.csproj", "{1ABFD528-F0C4-4A2D-9758-8AF77C73FBB7}"
EndProject
Project("{FAE04EC0-301F-11D3-BF4B-00C04F79EFBC}") = "Listing1.5", "Listing1.5\Listing1.5.csproj", "{EF127E6B-9F3B-4278-AD81-AD92FCB3D541}"
EndProject
Project("{FAE04EC0-301F-11D3-BF4B-00C04F79EFBC}") = "Listing1.6", "Listing1.6\Listing1.6.csproj", "{AB34F74F-7D16-4E39-A24B-DF6438093F6C}"
EndProject
Project("{FAE04EC0-301F-11D3-BF4B-00C04F79EFBC}") = "Listing1-7", "Listing1-7\Listing1-7.csproj", "{006970E9-FFBB-4528-BD1F-4B166DD4DBAF}"
EndProject
Project("{FAE04EC0-301F-11D3-BF4B-00C04F79EFBC}") = "Listing1-8", "Listing1-8\Listing1-8.csproj", "{068C1CBA-0EA3-4083-926C-9FEB06B4A902}"
EndProject
Project("{FAE04EC0-301F-11D3-BF4B-00C04F79EFBC}") = "Listing1-9", "Listing1-9\Listing1-9.csproj", "{CC0D7F9C-82B6-41C4-8EC7-5F4A43906192}"
EndProject
Project("{FAE04EC0-301F-11D3-BF4B-00C04F79EFBC}") = "Listing1-10", "Listing1-10\Listing1-10.csproj", "{43912362-E4FC-49EB-929F-980A3465296D}"
EndProject
Project("{FAE04EC0-301F-11D3-BF4B-00C04F79EFBC}") = "Listing1-11", "Listing1-11\Listing1-11.csproj", "{3D39C2DB-0F69-40D6-B617-AB0A41CA593D}"
EndProject
Project("{FAE04EC0-301F-11D3-BF4B-00C04F79EFBC}") = "Listing1-12", "Listing1-12\Listing1-12.csproj", "{669303B4-8650-47BD-A07D-44A685E0458F}"
EndProject
Project("{FAE04EC0-301F-11D3-BF4B-00C04F79EFBC}") = "Listing1-14", "Listing1-14\Listing1-14.csproj", "{9E95FE0D-3CC5-4155-A122-B809ABCBD357}"
EndProject
Project("{FAE04EC0-301F-11D3-BF4B-00C04F79EFBC}") = "Listing1-15", "Listing1-15\Listing1-15.csproj", "{E0D1C635-E61E-442C-BADE-0FB7014319F6}"
EndProject
Project("{FAE04EC0-301F-11D3-BF4B-00C04F79EFBC}") = "Listing1-16", "Listing1-16\Listing1-16.csproj", "{7E60B465-E180-4F84-A7B9-045D7E46AF5C}"
EndProject
Project("{FAE04EC0-301F-11D3-BF4B-00C04F79EFBC}") = "Listing1-17", "Listing1-17\Listing1-17.csproj", "{DACF48DB-4B42-4AE6-A433-CD616948FE8B}"
EndProject
Project("{FAE04EC0-301F-11D3-BF4B-00C04F79EFBC}") = "Listing1-18", "Listing1-18\Listing1-18.csproj", "{771DA3C3-117A-45BD-8E47-F16AE039AE97}"
EndProject
Project("{FAE04EC0-301F-11D3-BF4B-00C04F79EFBC}") = "Listing1-19", "Listing1-19\Listing1-19.csproj", "{00931267-A06C-4B6A-84B0-D939F7EEBE00}"
EndProject
Project("{FAE04EC0-301F-11D3-BF4B-00C04F79EFBC}") = "Listing1-22", "Listing1-22\Listing1-22.csproj", "{0BA10068-D539-49B7-8AD9-3EF8350B7D61}"
EndProject
Project("{FAE04EC0-301F-11D3-BF4B-00C04F79EFBC}") = "BlockingCollection", "BlockingCollection\BlockingCollection.csproj", "{6FA5A80B-74B7-4E70-B0BE-D326821D0E89}"
EndProject
Project("{FAE04EC0-301F-11D3-BF4B-00C04F79EFBC}") = "AsyncTest", "AsyncTest\AsyncTest.csproj", "{3F755891-1FFD-4C56-BD9E-9DFC5AC93885}"
EndProject
Project("{FAE04EC0-301F-11D3-BF4B-00C04F79EFBC}") = "ConcurrentBag", "CurrentBag\ConcurrentBag.csproj", "{000DDC5D-7680-47E2-A239-65E578AFB818}"
EndProject
Project("{FAE04EC0-301F-11D3-BF4B-00C04F79EFBC}") = "ConcurrentStack", "ConcurrentStack\ConcurrentStack.csproj", "{700C6C11-FB79-42B4-9749-D19EF7DBFD8E}"
EndProject
Project("{FAE04EC0-301F-11D3-BF4B-00C04F79EFBC}") = "CurrentDictionairy", "CurrentDictionairy\CurrentDictionairy.csproj", "{E469333F-6C9D-4F57-8E6A-43338AF192FF}"
EndProject
Project("{FAE04EC0-301F-11D3-BF4B-00C04F79EFBC}") = "DeadLock", "DeadLock\DeadLock.csproj", "{DF6FE68F-9DC2-4986-A369-31DDEAE4E8A0}"
EndProject
Global
	GlobalSection(SolutionConfigurationPlatforms) = preSolution
		Debug|Any CPU = Debug|Any CPU
		Release|Any CPU = Release|Any CPU
	EndGlobalSection
	GlobalSection(ProjectConfigurationPlatforms) = postSolution
		{2780F002-1490-4B84-875F-5DA6168F0450}.Debug|Any CPU.ActiveCfg = Debug|Any CPU
		{2780F002-1490-4B84-875F-5DA6168F0450}.Debug|Any CPU.Build.0 = Debug|Any CPU
		{2780F002-1490-4B84-875F-5DA6168F0450}.Release|Any CPU.ActiveCfg = Release|Any CPU
		{2780F002-1490-4B84-875F-5DA6168F0450}.Release|Any CPU.Build.0 = Release|Any CPU
		{0448B572-4708-40A7-8D85-FA5CDAFC83DD}.Debug|Any CPU.ActiveCfg = Debug|Any CPU
		{0448B572-4708-40A7-8D85-FA5CDAFC83DD}.Debug|Any CPU.Build.0 = Debug|Any CPU
		{0448B572-4708-40A7-8D85-FA5CDAFC83DD}.Release|Any CPU.ActiveCfg = Release|Any CPU
		{0448B572-4708-40A7-8D85-FA5CDAFC83DD}.Release|Any CPU.Build.0 = Release|Any CPU
		{14B0E50B-CCB8-409F-9BA7-BC0668364763}.Debug|Any CPU.ActiveCfg = Debug|Any CPU
		{14B0E50B-CCB8-409F-9BA7-BC0668364763}.Debug|Any CPU.Build.0 = Debug|Any CPU
		{14B0E50B-CCB8-409F-9BA7-BC0668364763}.Release|Any CPU.ActiveCfg = Release|Any CPU
		{14B0E50B-CCB8-409F-9BA7-BC0668364763}.Release|Any CPU.Build.0 = Release|Any CPU
		{1ABFD528-F0C4-4A2D-9758-8AF77C73FBB7}.Debug|Any CPU.ActiveCfg = Debug|Any CPU
		{1ABFD528-F0C4-4A2D-9758-8AF77C73FBB7}.Debug|Any CPU.Build.0 = Debug|Any CPU
		{1ABFD528-F0C4-4A2D-9758-8AF77C73FBB7}.Release|Any CPU.ActiveCfg = Release|Any CPU
		{1ABFD528-F0C4-4A2D-9758-8AF77C73FBB7}.Release|Any CPU.Build.0 = Release|Any CPU
		{EF127E6B-9F3B-4278-AD81-AD92FCB3D541}.Debug|Any CPU.ActiveCfg = Debug|Any CPU
		{EF127E6B-9F3B-4278-AD81-AD92FCB3D541}.Debug|Any CPU.Build.0 = Debug|Any CPU
		{EF127E6B-9F3B-4278-AD81-AD92FCB3D541}.Release|Any CPU.ActiveCfg = Release|Any CPU
		{EF127E6B-9F3B-4278-AD81-AD92FCB3D541}.Release|Any CPU.Build.0 = Release|Any CPU
		{AB34F74F-7D16-4E39-A24B-DF6438093F6C}.Debug|Any CPU.ActiveCfg = Debug|Any CPU
		{AB34F74F-7D16-4E39-A24B-DF6438093F6C}.Debug|Any CPU.Build.0 = Debug|Any CPU
		{AB34F74F-7D16-4E39-A24B-DF6438093F6C}.Release|Any CPU.ActiveCfg = Release|Any CPU
		{AB34F74F-7D16-4E39-A24B-DF6438093F6C}.Release|Any CPU.Build.0 = Release|Any CPU
		{006970E9-FFBB-4528-BD1F-4B166DD4DBAF}.Debug|Any CPU.ActiveCfg = Debug|Any CPU
		{006970E9-FFBB-4528-BD1F-4B166DD4DBAF}.Debug|Any CPU.Build.0 = Debug|Any CPU
		{006970E9-FFBB-4528-BD1F-4B166DD4DBAF}.Release|Any CPU.ActiveCfg = Release|Any CPU
		{006970E9-FFBB-4528-BD1F-4B166DD4DBAF}.Release|Any CPU.Build.0 = Release|Any CPU
		{068C1CBA-0EA3-4083-926C-9FEB06B4A902}.Debug|Any CPU.ActiveCfg = Debug|Any CPU
		{068C1CBA-0EA3-4083-926C-9FEB06B4A902}.Debug|Any CPU.Build.0 = Debug|Any CPU
		{068C1CBA-0EA3-4083-926C-9FEB06B4A902}.Release|Any CPU.ActiveCfg = Release|Any CPU
		{068C1CBA-0EA3-4083-926C-9FEB06B4A902}.Release|Any CPU.Build.0 = Release|Any CPU
		{CC0D7F9C-82B6-41C4-8EC7-5F4A43906192}.Debug|Any CPU.ActiveCfg = Debug|Any CPU
		{CC0D7F9C-82B6-41C4-8EC7-5F4A43906192}.Debug|Any CPU.Build.0 = Debug|Any CPU
		{CC0D7F9C-82B6-41C4-8EC7-5F4A43906192}.Release|Any CPU.ActiveCfg = Release|Any CPU
		{CC0D7F9C-82B6-41C4-8EC7-5F4A43906192}.Release|Any CPU.Build.0 = Release|Any CPU
		{43912362-E4FC-49EB-929F-980A3465296D}.Debug|Any CPU.ActiveCfg = Debug|Any CPU
		{43912362-E4FC-49EB-929F-980A3465296D}.Debug|Any CPU.Build.0 = Debug|Any CPU
		{43912362-E4FC-49EB-929F-980A3465296D}.Release|Any CPU.ActiveCfg = Release|Any CPU
		{43912362-E4FC-49EB-929F-980A3465296D}.Release|Any CPU.Build.0 = Release|Any CPU
		{3D39C2DB-0F69-40D6-B617-AB0A41CA593D}.Debug|Any CPU.ActiveCfg = Debug|Any CPU
		{3D39C2DB-0F69-40D6-B617-AB0A41CA593D}.Debug|Any CPU.Build.0 = Debug|Any CPU
		{3D39C2DB-0F69-40D6-B617-AB0A41CA593D}.Release|Any CPU.ActiveCfg = Release|Any CPU
		{3D39C2DB-0F69-40D6-B617-AB0A41CA593D}.Release|Any CPU.Build.0 = Release|Any CPU
		{669303B4-8650-47BD-A07D-44A685E0458F}.Debug|Any CPU.ActiveCfg = Debug|Any CPU
		{669303B4-8650-47BD-A07D-44A685E0458F}.Debug|Any CPU.Build.0 = Debug|Any CPU
		{669303B4-8650-47BD-A07D-44A685E0458F}.Release|Any CPU.ActiveCfg = Release|Any CPU
		{669303B4-8650-47BD-A07D-44A685E0458F}.Release|Any CPU.Build.0 = Release|Any CPU
		{9E95FE0D-3CC5-4155-A122-B809ABCBD357}.Debug|Any CPU.ActiveCfg = Debug|Any CPU
		{9E95FE0D-3CC5-4155-A122-B809ABCBD357}.Debug|Any CPU.Build.0 = Debug|Any CPU
		{9E95FE0D-3CC5-4155-A122-B809ABCBD357}.Release|Any CPU.ActiveCfg = Release|Any CPU
		{9E95FE0D-3CC5-4155-A122-B809ABCBD357}.Release|Any CPU.Build.0 = Release|Any CPU
		{E0D1C635-E61E-442C-BADE-0FB7014319F6}.Debug|Any CPU.ActiveCfg = Debug|Any CPU
		{E0D1C635-E61E-442C-BADE-0FB7014319F6}.Debug|Any CPU.Build.0 = Debug|Any CPU
		{E0D1C635-E61E-442C-BADE-0FB7014319F6}.Release|Any CPU.ActiveCfg = Release|Any CPU
		{E0D1C635-E61E-442C-BADE-0FB7014319F6}.Release|Any CPU.Build.0 = Release|Any CPU
		{7E60B465-E180-4F84-A7B9-045D7E46AF5C}.Debug|Any CPU.ActiveCfg = Debug|Any CPU
		{7E60B465-E180-4F84-A7B9-045D7E46AF5C}.Debug|Any CPU.Build.0 = Debug|Any CPU
		{7E60B465-E180-4F84-A7B9-045D7E46AF5C}.Release|Any CPU.ActiveCfg = Release|Any CPU
		{7E60B465-E180-4F84-A7B9-045D7E46AF5C}.Release|Any CPU.Build.0 = Release|Any CPU
		{DACF48DB-4B42-4AE6-A433-CD616948FE8B}.Debug|Any CPU.ActiveCfg = Debug|Any CPU
		{DACF48DB-4B42-4AE6-A433-CD616948FE8B}.Debug|Any CPU.Build.0 = Debug|Any CPU
		{DACF48DB-4B42-4AE6-A433-CD616948FE8B}.Release|Any CPU.ActiveCfg = Release|Any CPU
		{DACF48DB-4B42-4AE6-A433-CD616948FE8B}.Release|Any CPU.Build.0 = Release|Any CPU
		{771DA3C3-117A-45BD-8E47-F16AE039AE97}.Debug|Any CPU.ActiveCfg = Debug|Any CPU
		{771DA3C3-117A-45BD-8E47-F16AE039AE97}.Debug|Any CPU.Build.0 = Debug|Any CPU
		{771DA3C3-117A-45BD-8E47-F16AE039AE97}.Release|Any CPU.ActiveCfg = Release|Any CPU
		{771DA3C3-117A-45BD-8E47-F16AE039AE97}.Release|Any CPU.Build.0 = Release|Any CPU
		{00931267-A06C-4B6A-84B0-D939F7EEBE00}.Debug|Any CPU.ActiveCfg = Debug|Any CPU
		{00931267-A06C-4B6A-84B0-D939F7EEBE00}.Debug|Any CPU.Build.0 = Debug|Any CPU
		{00931267-A06C-4B6A-84B0-D939F7EEBE00}.Release|Any CPU.ActiveCfg = Release|Any CPU
		{00931267-A06C-4B6A-84B0-D939F7EEBE00}.Release|Any CPU.Build.0 = Release|Any CPU
		{0BA10068-D539-49B7-8AD9-3EF8350B7D61}.Debug|Any CPU.ActiveCfg = Debug|Any CPU
		{0BA10068-D539-49B7-8AD9-3EF8350B7D61}.Debug|Any CPU.Build.0 = Debug|Any CPU
		{0BA10068-D539-49B7-8AD9-3EF8350B7D61}.Release|Any CPU.ActiveCfg = Release|Any CPU
		{0BA10068-D539-49B7-8AD9-3EF8350B7D61}.Release|Any CPU.Build.0 = Release|Any CPU
		{6FA5A80B-74B7-4E70-B0BE-D326821D0E89}.Debug|Any CPU.ActiveCfg = Debug|Any CPU
		{6FA5A80B-74B7-4E70-B0BE-D326821D0E89}.Debug|Any CPU.Build.0 = Debug|Any CPU
		{6FA5A80B-74B7-4E70-B0BE-D326821D0E89}.Release|Any CPU.ActiveCfg = Release|Any CPU
		{6FA5A80B-74B7-4E70-B0BE-D326821D0E89}.Release|Any CPU.Build.0 = Release|Any CPU
		{3F755891-1FFD-4C56-BD9E-9DFC5AC93885}.Debug|Any CPU.ActiveCfg = Debug|Any CPU
		{3F755891-1FFD-4C56-BD9E-9DFC5AC93885}.Debug|Any CPU.Build.0 = Debug|Any CPU
		{3F755891-1FFD-4C56-BD9E-9DFC5AC93885}.Release|Any CPU.ActiveCfg = Release|Any CPU
		{3F755891-1FFD-4C56-BD9E-9DFC5AC93885}.Release|Any CPU.Build.0 = Release|Any CPU
		{000DDC5D-7680-47E2-A239-65E578AFB818}.Debug|Any CPU.ActiveCfg = Debug|Any CPU
		{000DDC5D-7680-47E2-A239-65E578AFB818}.Debug|Any CPU.Build.0 = Debug|Any CPU
		{000DDC5D-7680-47E2-A239-65E578AFB818}.Release|Any CPU.ActiveCfg = Release|Any CPU
		{000DDC5D-7680-47E2-A239-65E578AFB818}.Release|Any CPU.Build.0 = Release|Any CPU
		{700C6C11-FB79-42B4-9749-D19EF7DBFD8E}.Debug|Any CPU.ActiveCfg = Debug|Any CPU
		{700C6C11-FB79-42B4-9749-D19EF7DBFD8E}.Debug|Any CPU.Build.0 = Debug|Any CPU
		{700C6C11-FB79-42B4-9749-D19EF7DBFD8E}.Release|Any CPU.ActiveCfg = Release|Any CPU
		{700C6C11-FB79-42B4-9749-D19EF7DBFD8E}.Release|Any CPU.Build.0 = Release|Any CPU
		{E469333F-6C9D-4F57-8E6A-43338AF192FF}.Debug|Any CPU.ActiveCfg = Debug|Any CPU
		{E469333F-6C9D-4F57-8E6A-43338AF192FF}.Debug|Any CPU.Build.0 = Debug|Any CPU
		{E469333F-6C9D-4F57-8E6A-43338AF192FF}.Release|Any CPU.ActiveCfg = Release|Any CPU
		{E469333F-6C9D-4F57-8E6A-43338AF192FF}.Release|Any CPU.Build.0 = Release|Any CPU
		{DF6FE68F-9DC2-4986-A369-31DDEAE4E8A0}.Debug|Any CPU.ActiveCfg = Debug|Any CPU
		{DF6FE68F-9DC2-4986-A369-31DDEAE4E8A0}.Debug|Any CPU.Build.0 = Debug|Any CPU
		{DF6FE68F-9DC2-4986-A369-31DDEAE4E8A0}.Release|Any CPU.ActiveCfg = Release|Any CPU
		{DF6FE68F-9DC2-4986-A369-31DDEAE4E8A0}.Release|Any CPU.Build.0 = Release|Any CPU
	EndGlobalSection
	GlobalSection(SolutionProperties) = preSolution
		HideSolutionNode = FALSE
	EndGlobalSection
	GlobalSection(NestedProjects) = preSolution
		{2780F002-1490-4B84-875F-5DA6168F0450} = {5A158838-4447-4BEB-916B-3BB9AC9B765F}
		{0448B572-4708-40A7-8D85-FA5CDAFC83DD} = {5A158838-4447-4BEB-916B-3BB9AC9B765F}
		{14B0E50B-CCB8-409F-9BA7-BC0668364763} = {5A158838-4447-4BEB-916B-3BB9AC9B765F}
		{1ABFD528-F0C4-4A2D-9758-8AF77C73FBB7} = {5A158838-4447-4BEB-916B-3BB9AC9B765F}
		{EF127E6B-9F3B-4278-AD81-AD92FCB3D541} = {5A158838-4447-4BEB-916B-3BB9AC9B765F}
		{AB34F74F-7D16-4E39-A24B-DF6438093F6C} = {5A158838-4447-4BEB-916B-3BB9AC9B765F}
		{006970E9-FFBB-4528-BD1F-4B166DD4DBAF} = {5A158838-4447-4BEB-916B-3BB9AC9B765F}
		{068C1CBA-0EA3-4083-926C-9FEB06B4A902} = {5A158838-4447-4BEB-916B-3BB9AC9B765F}
		{CC0D7F9C-82B6-41C4-8EC7-5F4A43906192} = {5A158838-4447-4BEB-916B-3BB9AC9B765F}
		{43912362-E4FC-49EB-929F-980A3465296D} = {5A158838-4447-4BEB-916B-3BB9AC9B765F}
		{3D39C2DB-0F69-40D6-B617-AB0A41CA593D} = {5A158838-4447-4BEB-916B-3BB9AC9B765F}
		{669303B4-8650-47BD-A07D-44A685E0458F} = {5A158838-4447-4BEB-916B-3BB9AC9B765F}
		{9E95FE0D-3CC5-4155-A122-B809ABCBD357} = {5A158838-4447-4BEB-916B-3BB9AC9B765F}
		{E0D1C635-E61E-442C-BADE-0FB7014319F6} = {5A158838-4447-4BEB-916B-3BB9AC9B765F}
		{7E60B465-E180-4F84-A7B9-045D7E46AF5C} = {5A158838-4447-4BEB-916B-3BB9AC9B765F}
		{DACF48DB-4B42-4AE6-A433-CD616948FE8B} = {5A158838-4447-4BEB-916B-3BB9AC9B765F}
		{771DA3C3-117A-45BD-8E47-F16AE039AE97} = {5A158838-4447-4BEB-916B-3BB9AC9B765F}
		{00931267-A06C-4B6A-84B0-D939F7EEBE00} = {5A158838-4447-4BEB-916B-3BB9AC9B765F}
		{0BA10068-D539-49B7-8AD9-3EF8350B7D61} = {5A158838-4447-4BEB-916B-3BB9AC9B765F}
		{6FA5A80B-74B7-4E70-B0BE-D326821D0E89} = {5A158838-4447-4BEB-916B-3BB9AC9B765F}
		{3F755891-1FFD-4C56-BD9E-9DFC5AC93885} = {5A158838-4447-4BEB-916B-3BB9AC9B765F}
		{000DDC5D-7680-47E2-A239-65E578AFB818} = {5A158838-4447-4BEB-916B-3BB9AC9B765F}
		{700C6C11-FB79-42B4-9749-D19EF7DBFD8E} = {5A158838-4447-4BEB-916B-3BB9AC9B765F}
		{E469333F-6C9D-4F57-8E6A-43338AF192FF} = {5A158838-4447-4BEB-916B-3BB9AC9B765F}
		{DF6FE68F-9DC2-4986-A369-31DDEAE4E8A0} = {5A158838-4447-4BEB-916B-3BB9AC9B765F}
	EndGlobalSection
	GlobalSection(ExtensibilityGlobals) = postSolution
		SolutionGuid = {60DDDDEC-ADD2-4EF4-A8DB-53E931443855}
	EndGlobalSection
EndGlobal
